// !$*UTF8*$!
{
	archiveVersion = 1;
	classes = {
	};
	objectVersion = 51;
	objects = {

/* Begin PBXBuildFile section */
		5E391DB1DFA59A703FB7B7DD /* Pods_MoneyFlow.framework in Frameworks */ = {isa = PBXBuildFile; fileRef = 12E97FCC93F117093A133CD2 /* Pods_MoneyFlow.framework */; };
		F9063DE4232139FE00F08E84 /* DebtOperation.swift in Sources */ = {isa = PBXBuildFile; fileRef = F9063DD6232139FE00F08E84 /* DebtOperation.swift */; };
		F9063DE5232139FE00F08E84 /* FlowOperation.swift in Sources */ = {isa = PBXBuildFile; fileRef = F9063DD7232139FE00F08E84 /* FlowOperation.swift */; };
		F9063DE6232139FE00F08E84 /* Operation.swift in Sources */ = {isa = PBXBuildFile; fileRef = F9063DD8232139FE00F08E84 /* Operation.swift */; };
		F9063DE7232139FE00F08E84 /* IDGenerator.swift in Sources */ = {isa = PBXBuildFile; fileRef = F9063DDA232139FE00F08E84 /* IDGenerator.swift */; };
		F9063DE8232139FE00F08E84 /* DefaultIDGenerator.swift in Sources */ = {isa = PBXBuildFile; fileRef = F9063DDB232139FE00F08E84 /* DefaultIDGenerator.swift */; };
		F9063DE9232139FE00F08E84 /* DefaultDataSource.swift in Sources */ = {isa = PBXBuildFile; fileRef = F9063DDD232139FE00F08E84 /* DefaultDataSource.swift */; };
		F9063DEA232139FE00F08E84 /* DataSource.swift in Sources */ = {isa = PBXBuildFile; fileRef = F9063DDE232139FE00F08E84 /* DataSource.swift */; };
		F9063DED23213A1000F08E84 /* Constants.swift in Sources */ = {isa = PBXBuildFile; fileRef = F9063DEC23213A0F00F08E84 /* Constants.swift */; };
		F907D3D4232BE87200E9E3C2 /* ChartColumnView.swift in Sources */ = {isa = PBXBuildFile; fileRef = F907D3D3232BE87200E9E3C2 /* ChartColumnView.swift */; };
		F90F2887232166E600B1F3D5 /* ManagingCollectionViewExtension.swift in Sources */ = {isa = PBXBuildFile; fileRef = F90F2886232166E600B1F3D5 /* ManagingCollectionViewExtension.swift */; };
		F9172DD12343E8810067B9AE /* CombinedDataSource.swift in Sources */ = {isa = PBXBuildFile; fileRef = F9172DD02343E8810067B9AE /* CombinedDataSource.swift */; };
		F9172DD32345058A0067B9AE /* CombinedSettingsDataSource.swift in Sources */ = {isa = PBXBuildFile; fileRef = F9172DD2234505890067B9AE /* CombinedSettingsDataSource.swift */; };
		F91871EB23268DE800F0F9A6 /* InputAccessoryForTextFieldsVC Extension.swift in Sources */ = {isa = PBXBuildFile; fileRef = F91871EA23268DE800F0F9A6 /* InputAccessoryForTextFieldsVC Extension.swift */; };
		F91871ED23268E2C00F0F9A6 /* ManagingPickerView Extension.swift in Sources */ = {isa = PBXBuildFile; fileRef = F91871EC23268E2C00F0F9A6 /* ManagingPickerView Extension.swift */; };
		F942E650233E01F00031ADDF /* CenturyGothic.ttf in Resources */ = {isa = PBXBuildFile; fileRef = F942E642233E01F00031ADDF /* CenturyGothic.ttf */; };
		F942E651233E01F00031ADDF /* CenturyGothic-BoldItalic.ttf in Resources */ = {isa = PBXBuildFile; fileRef = F942E643233E01F00031ADDF /* CenturyGothic-BoldItalic.ttf */; };
		F942E657233E01F00031ADDF /* CenturyGothic-Italic.ttf in Resources */ = {isa = PBXBuildFile; fileRef = F942E649233E01F00031ADDF /* CenturyGothic-Italic.ttf */; };
		F942E658233E01F00031ADDF /* stylesheet.css in Resources */ = {isa = PBXBuildFile; fileRef = F942E64A233E01F00031ADDF /* stylesheet.css */; };
		F942E659233E01F00031ADDF /* CenturyGothic-Bold.ttf in Resources */ = {isa = PBXBuildFile; fileRef = F942E64B233E01F00031ADDF /* CenturyGothic-Bold.ttf */; };
		F942E660233E0C9C0031ADDF /* OperationsDesignedTableViewCell.swift in Sources */ = {isa = PBXBuildFile; fileRef = F942E65F233E0C9C0031ADDF /* OperationsDesignedTableViewCell.swift */; };
		F94BDFA32340BF8B00CE87F8 /* OperationVisionRecognizer.swift in Sources */ = {isa = PBXBuildFile; fileRef = F94BDFA22340BF8B00CE87F8 /* OperationVisionRecognizer.swift */; };
		F94BDFA52340CAFD00CE87F8 /* ImagePickerCollectionViewController.swift in Sources */ = {isa = PBXBuildFile; fileRef = F94BDFA42340CAFD00CE87F8 /* ImagePickerCollectionViewController.swift */; };
		F94BDFA72340CBFA00CE87F8 /* PhotoCollectionViewCell.swift in Sources */ = {isa = PBXBuildFile; fileRef = F94BDFA62340CBFA00CE87F8 /* PhotoCollectionViewCell.swift */; };
		F94FEDAE232ACEF700713AE7 /* FirebaseSettingsDataSource.swift in Sources */ = {isa = PBXBuildFile; fileRef = F94FEDAD232ACEF700713AE7 /* FirebaseSettingsDataSource.swift */; };
		F96C408F233BFCEC008670B2 /* ManagingSummaryTableViewExtension.swift in Sources */ = {isa = PBXBuildFile; fileRef = F96C408E233BFCEC008670B2 /* ManagingSummaryTableViewExtension.swift */; };
		F96C4091233BFE5F008670B2 /* ManagingSummaryChartViewExtension.swift in Sources */ = {isa = PBXBuildFile; fileRef = F96C4090233BFE5F008670B2 /* ManagingSummaryChartViewExtension.swift */; };
		F96C4093233CCB41008670B2 /* SummaryMonthData.swift in Sources */ = {isa = PBXBuildFile; fileRef = F96C4092233CCB41008670B2 /* SummaryMonthData.swift */; };
		F96EFFC1233F83D000A51C54 /* FirebaseIDGenerator.swift in Sources */ = {isa = PBXBuildFile; fileRef = F96EFFC0233F83D000A51C54 /* FirebaseIDGenerator.swift */; };
		F9833B852326CDFB0036B5EE /* AddOperationPresenter.swift in Sources */ = {isa = PBXBuildFile; fileRef = F9833B842326CDFB0036B5EE /* AddOperationPresenter.swift */; };
		F986847A233257B400FAD863 /* SummaryTableViewCell.swift in Sources */ = {isa = PBXBuildFile; fileRef = F9868479233257B400FAD863 /* SummaryTableViewCell.swift */; };
		F986847C23326BE500FAD863 /* SummaryGraphTableViewCell.swift in Sources */ = {isa = PBXBuildFile; fileRef = F986847B23326BE500FAD863 /* SummaryGraphTableViewCell.swift */; };
		F986847E233270FC00FAD863 /* CircleGraphView.swift in Sources */ = {isa = PBXBuildFile; fileRef = F986847D233270FB00FAD863 /* CircleGraphView.swift */; };
		F98684802332B48E00FAD863 /* SummaryHeaderTableViewCell.swift in Sources */ = {isa = PBXBuildFile; fileRef = F986847F2332B48E00FAD863 /* SummaryHeaderTableViewCell.swift */; };
		F995B0C2232A4F2E008DF78D /* GoogleService-Info.plist in Resources */ = {isa = PBXBuildFile; fileRef = F995B0C1232A4F2E008DF78D /* GoogleService-Info.plist */; };
		F995B0C4232A555F008DF78D /* FirebaseDataSource.swift in Sources */ = {isa = PBXBuildFile; fileRef = F995B0C3232A555F008DF78D /* FirebaseDataSource.swift */; };
		F995B0C6232A95EA008DF78D /* LoadingViewController.swift in Sources */ = {isa = PBXBuildFile; fileRef = F995B0C5232A95EA008DF78D /* LoadingViewController.swift */; };
		F99B4AAA2325720200DAAD7E /* AddOperationViewController.swift in Sources */ = {isa = PBXBuildFile; fileRef = F99B4AA92325720200DAAD7E /* AddOperationViewController.swift */; };
		F9A4F8962333D402008D606A /* SummaryPresenter.swift in Sources */ = {isa = PBXBuildFile; fileRef = F9A4F8952333D402008D606A /* SummaryPresenter.swift */; };
		F9A980FF2321409700F630F9 /* OperationsViewController.swift in Sources */ = {isa = PBXBuildFile; fileRef = F9A980FB2321409600F630F9 /* OperationsViewController.swift */; };
		F9A981022321409700F630F9 /* OperationTableViewCell.swift in Sources */ = {isa = PBXBuildFile; fileRef = F9A980FE2321409600F630F9 /* OperationTableViewCell.swift */; };
		F9A981042321410900F630F9 /* OperationPresenter.swift in Sources */ = {isa = PBXBuildFile; fileRef = F9A981032321410900F630F9 /* OperationPresenter.swift */; };
		F9A981062321416000F630F9 /* Presenter.swift in Sources */ = {isa = PBXBuildFile; fileRef = F9A981052321416000F630F9 /* Presenter.swift */; };
		F9B2FE68231B227400ABF7AC /* AppDelegate.swift in Sources */ = {isa = PBXBuildFile; fileRef = F9B2FE67231B227400ABF7AC /* AppDelegate.swift */; };
		F9B2FE6D231B227400ABF7AC /* Main.storyboard in Resources */ = {isa = PBXBuildFile; fileRef = F9B2FE6B231B227400ABF7AC /* Main.storyboard */; };
		F9B2FE6F231B227700ABF7AC /* Assets.xcassets in Resources */ = {isa = PBXBuildFile; fileRef = F9B2FE6E231B227700ABF7AC /* Assets.xcassets */; };
		F9B2FE72231B227700ABF7AC /* LaunchScreen.storyboard in Resources */ = {isa = PBXBuildFile; fileRef = F9B2FE70231B227700ABF7AC /* LaunchScreen.storyboard */; };
		F9C3D78F23269D1700C99482 /* OperationsHeaderTableViewCell.swift in Sources */ = {isa = PBXBuildFile; fileRef = F9C3D78E23269D1700C99482 /* OperationsHeaderTableViewCell.swift */; };
		F9C3D79123269E4E00C99482 /* RoundedSoaringView.swift in Sources */ = {isa = PBXBuildFile; fileRef = F9C3D79023269E4E00C99482 /* RoundedSoaringView.swift */; };
		F9C608A4232BF3B900654DD9 /* TestViewController.swift in Sources */ = {isa = PBXBuildFile; fileRef = F9C608A3232BF3B900654DD9 /* TestViewController.swift */; };
		F9C608A6232C04C800654DD9 /* ChartView.swift in Sources */ = {isa = PBXBuildFile; fileRef = F9C608A5232C04C800654DD9 /* ChartView.swift */; };
		F9C608A8232C08B400654DD9 /* ChartColumnCollectionViewCell.swift in Sources */ = {isa = PBXBuildFile; fileRef = F9C608A7232C08B400654DD9 /* ChartColumnCollectionViewCell.swift */; };
		F9D08D8A23252B240008109E /* DefaultSettingsDataSource.swift in Sources */ = {isa = PBXBuildFile; fileRef = F9D08D8923252B240008109E /* DefaultSettingsDataSource.swift */; };
		F9D08D8C23253EA90008109E /* SettingsPresenter.swift in Sources */ = {isa = PBXBuildFile; fileRef = F9D08D8B23253EA90008109E /* SettingsPresenter.swift */; };
		F9D3A9F6232163AA00895A80 /* FilterCollectionViewCell.swift in Sources */ = {isa = PBXBuildFile; fileRef = F9D3A9F5232163AA00895A80 /* FilterCollectionViewCell.swift */; };
		F9D3A9F82321651700895A80 /* ManagingOperationsTableViewExtension.swift in Sources */ = {isa = PBXBuildFile; fileRef = F9D3A9F72321651700895A80 /* ManagingOperationsTableViewExtension.swift */; };
		F9D40879232E212E0034B913 /* SummaryViewController.swift in Sources */ = {isa = PBXBuildFile; fileRef = F9D40878232E212E0034B913 /* SummaryViewController.swift */; };
/* End PBXBuildFile section */

/* Begin PBXFileReference section */
		12E97FCC93F117093A133CD2 /* Pods_MoneyFlow.framework */ = {isa = PBXFileReference; explicitFileType = wrapper.framework; includeInIndex = 0; path = Pods_MoneyFlow.framework; sourceTree = BUILT_PRODUCTS_DIR; };
		30B9068C0FBCDFEB5D5EB980 /* Pods-MoneyFlow.debug.xcconfig */ = {isa = PBXFileReference; includeInIndex = 1; lastKnownFileType = text.xcconfig; name = "Pods-MoneyFlow.debug.xcconfig"; path = "Target Support Files/Pods-MoneyFlow/Pods-MoneyFlow.debug.xcconfig"; sourceTree = "<group>"; };
		DF7AF6C5C22ED47D906392DA /* Pods-MoneyFlow.release.xcconfig */ = {isa = PBXFileReference; includeInIndex = 1; lastKnownFileType = text.xcconfig; name = "Pods-MoneyFlow.release.xcconfig"; path = "Target Support Files/Pods-MoneyFlow/Pods-MoneyFlow.release.xcconfig"; sourceTree = "<group>"; };
		F9063DD6232139FE00F08E84 /* DebtOperation.swift */ = {isa = PBXFileReference; fileEncoding = 4; lastKnownFileType = sourcecode.swift; path = DebtOperation.swift; sourceTree = "<group>"; };
		F9063DD7232139FE00F08E84 /* FlowOperation.swift */ = {isa = PBXFileReference; fileEncoding = 4; lastKnownFileType = sourcecode.swift; path = FlowOperation.swift; sourceTree = "<group>"; };
		F9063DD8232139FE00F08E84 /* Operation.swift */ = {isa = PBXFileReference; fileEncoding = 4; lastKnownFileType = sourcecode.swift; path = Operation.swift; sourceTree = "<group>"; };
		F9063DDA232139FE00F08E84 /* IDGenerator.swift */ = {isa = PBXFileReference; fileEncoding = 4; lastKnownFileType = sourcecode.swift; path = IDGenerator.swift; sourceTree = "<group>"; };
		F9063DDB232139FE00F08E84 /* DefaultIDGenerator.swift */ = {isa = PBXFileReference; fileEncoding = 4; lastKnownFileType = sourcecode.swift; path = DefaultIDGenerator.swift; sourceTree = "<group>"; };
		F9063DDD232139FE00F08E84 /* DefaultDataSource.swift */ = {isa = PBXFileReference; fileEncoding = 4; lastKnownFileType = sourcecode.swift; path = DefaultDataSource.swift; sourceTree = "<group>"; };
		F9063DDE232139FE00F08E84 /* DataSource.swift */ = {isa = PBXFileReference; fileEncoding = 4; lastKnownFileType = sourcecode.swift; path = DataSource.swift; sourceTree = "<group>"; };
		F9063DEC23213A0F00F08E84 /* Constants.swift */ = {isa = PBXFileReference; lastKnownFileType = sourcecode.swift; name = Constants.swift; path = "Supporting files/Constants.swift"; sourceTree = "<group>"; };
		F907D3D3232BE87200E9E3C2 /* ChartColumnView.swift */ = {isa = PBXFileReference; lastKnownFileType = sourcecode.swift; path = ChartColumnView.swift; sourceTree = "<group>"; };
		F90F2886232166E600B1F3D5 /* ManagingCollectionViewExtension.swift */ = {isa = PBXFileReference; lastKnownFileType = sourcecode.swift; path = ManagingCollectionViewExtension.swift; sourceTree = "<group>"; };
		F9172DD02343E8810067B9AE /* CombinedDataSource.swift */ = {isa = PBXFileReference; lastKnownFileType = sourcecode.swift; path = CombinedDataSource.swift; sourceTree = "<group>"; };
		F9172DD2234505890067B9AE /* CombinedSettingsDataSource.swift */ = {isa = PBXFileReference; lastKnownFileType = sourcecode.swift; path = CombinedSettingsDataSource.swift; sourceTree = "<group>"; };
		F91871EA23268DE800F0F9A6 /* InputAccessoryForTextFieldsVC Extension.swift */ = {isa = PBXFileReference; lastKnownFileType = sourcecode.swift; path = "InputAccessoryForTextFieldsVC Extension.swift"; sourceTree = "<group>"; };
		F91871EC23268E2C00F0F9A6 /* ManagingPickerView Extension.swift */ = {isa = PBXFileReference; lastKnownFileType = sourcecode.swift; path = "ManagingPickerView Extension.swift"; sourceTree = "<group>"; };
		F942E642233E01F00031ADDF /* CenturyGothic.ttf */ = {isa = PBXFileReference; lastKnownFileType = file; path = CenturyGothic.ttf; sourceTree = "<group>"; };
		F942E643233E01F00031ADDF /* CenturyGothic-BoldItalic.ttf */ = {isa = PBXFileReference; lastKnownFileType = file; path = "CenturyGothic-BoldItalic.ttf"; sourceTree = "<group>"; };
		F942E649233E01F00031ADDF /* CenturyGothic-Italic.ttf */ = {isa = PBXFileReference; lastKnownFileType = file; path = "CenturyGothic-Italic.ttf"; sourceTree = "<group>"; };
		F942E64A233E01F00031ADDF /* stylesheet.css */ = {isa = PBXFileReference; fileEncoding = 4; lastKnownFileType = text.css; path = stylesheet.css; sourceTree = "<group>"; };
		F942E64B233E01F00031ADDF /* CenturyGothic-Bold.ttf */ = {isa = PBXFileReference; lastKnownFileType = file; path = "CenturyGothic-Bold.ttf"; sourceTree = "<group>"; };
		F942E65E233E02B00031ADDF /* CenturyGothic-HeavyBold.ttf */ = {isa = PBXFileReference; lastKnownFileType = file; path = "CenturyGothic-HeavyBold.ttf"; sourceTree = "<group>"; };
		F942E65F233E0C9C0031ADDF /* OperationsDesignedTableViewCell.swift */ = {isa = PBXFileReference; lastKnownFileType = sourcecode.swift; path = OperationsDesignedTableViewCell.swift; sourceTree = "<group>"; };
		F94BDFA22340BF8B00CE87F8 /* OperationVisionRecognizer.swift */ = {isa = PBXFileReference; lastKnownFileType = sourcecode.swift; path = OperationVisionRecognizer.swift; sourceTree = "<group>"; };
		F94BDFA42340CAFD00CE87F8 /* ImagePickerCollectionViewController.swift */ = {isa = PBXFileReference; lastKnownFileType = sourcecode.swift; path = ImagePickerCollectionViewController.swift; sourceTree = "<group>"; };
		F94BDFA62340CBFA00CE87F8 /* PhotoCollectionViewCell.swift */ = {isa = PBXFileReference; lastKnownFileType = sourcecode.swift; path = PhotoCollectionViewCell.swift; sourceTree = "<group>"; };
		F94FEDAD232ACEF700713AE7 /* FirebaseSettingsDataSource.swift */ = {isa = PBXFileReference; lastKnownFileType = sourcecode.swift; path = FirebaseSettingsDataSource.swift; sourceTree = "<group>"; };
		F96C408E233BFCEC008670B2 /* ManagingSummaryTableViewExtension.swift */ = {isa = PBXFileReference; lastKnownFileType = sourcecode.swift; path = ManagingSummaryTableViewExtension.swift; sourceTree = "<group>"; };
		F96C4090233BFE5F008670B2 /* ManagingSummaryChartViewExtension.swift */ = {isa = PBXFileReference; lastKnownFileType = sourcecode.swift; path = ManagingSummaryChartViewExtension.swift; sourceTree = "<group>"; };
		F96C4092233CCB41008670B2 /* SummaryMonthData.swift */ = {isa = PBXFileReference; lastKnownFileType = sourcecode.swift; path = SummaryMonthData.swift; sourceTree = "<group>"; };
		F96EFFC0233F83D000A51C54 /* FirebaseIDGenerator.swift */ = {isa = PBXFileReference; lastKnownFileType = sourcecode.swift; path = FirebaseIDGenerator.swift; sourceTree = "<group>"; };
		F9833B842326CDFB0036B5EE /* AddOperationPresenter.swift */ = {isa = PBXFileReference; lastKnownFileType = sourcecode.swift; path = AddOperationPresenter.swift; sourceTree = "<group>"; };
		F9868479233257B400FAD863 /* SummaryTableViewCell.swift */ = {isa = PBXFileReference; lastKnownFileType = sourcecode.swift; path = SummaryTableViewCell.swift; sourceTree = "<group>"; };
		F986847B23326BE500FAD863 /* SummaryGraphTableViewCell.swift */ = {isa = PBXFileReference; lastKnownFileType = sourcecode.swift; path = SummaryGraphTableViewCell.swift; sourceTree = "<group>"; };
		F986847D233270FB00FAD863 /* CircleGraphView.swift */ = {isa = PBXFileReference; lastKnownFileType = sourcecode.swift; path = CircleGraphView.swift; sourceTree = "<group>"; };
		F986847F2332B48E00FAD863 /* SummaryHeaderTableViewCell.swift */ = {isa = PBXFileReference; lastKnownFileType = sourcecode.swift; path = SummaryHeaderTableViewCell.swift; sourceTree = "<group>"; };
		F995B0C1232A4F2E008DF78D /* GoogleService-Info.plist */ = {isa = PBXFileReference; fileEncoding = 4; lastKnownFileType = text.plist.xml; path = "GoogleService-Info.plist"; sourceTree = "<group>"; };
		F995B0C3232A555F008DF78D /* FirebaseDataSource.swift */ = {isa = PBXFileReference; lastKnownFileType = sourcecode.swift; path = FirebaseDataSource.swift; sourceTree = "<group>"; };
		F995B0C5232A95EA008DF78D /* LoadingViewController.swift */ = {isa = PBXFileReference; lastKnownFileType = sourcecode.swift; path = LoadingViewController.swift; sourceTree = "<group>"; };
		F99B4AA92325720200DAAD7E /* AddOperationViewController.swift */ = {isa = PBXFileReference; lastKnownFileType = sourcecode.swift; path = AddOperationViewController.swift; sourceTree = "<group>"; };
		F9A4F8952333D402008D606A /* SummaryPresenter.swift */ = {isa = PBXFileReference; lastKnownFileType = sourcecode.swift; path = SummaryPresenter.swift; sourceTree = "<group>"; };
		F9A980FB2321409600F630F9 /* OperationsViewController.swift */ = {isa = PBXFileReference; fileEncoding = 4; lastKnownFileType = sourcecode.swift; path = OperationsViewController.swift; sourceTree = "<group>"; };
		F9A980FE2321409600F630F9 /* OperationTableViewCell.swift */ = {isa = PBXFileReference; fileEncoding = 4; lastKnownFileType = sourcecode.swift; name = OperationTableViewCell.swift; path = ../OperationTableViewCell.swift; sourceTree = "<group>"; };
		F9A981032321410900F630F9 /* OperationPresenter.swift */ = {isa = PBXFileReference; fileEncoding = 4; lastKnownFileType = sourcecode.swift; path = OperationPresenter.swift; sourceTree = "<group>"; };
		F9A981052321416000F630F9 /* Presenter.swift */ = {isa = PBXFileReference; fileEncoding = 4; lastKnownFileType = sourcecode.swift; path = Presenter.swift; sourceTree = "<group>"; };
		F9B2FE64231B227400ABF7AC /* MoneyFlow.app */ = {isa = PBXFileReference; explicitFileType = wrapper.application; includeInIndex = 0; path = MoneyFlow.app; sourceTree = BUILT_PRODUCTS_DIR; };
		F9B2FE67231B227400ABF7AC /* AppDelegate.swift */ = {isa = PBXFileReference; lastKnownFileType = sourcecode.swift; path = AppDelegate.swift; sourceTree = "<group>"; };
		F9B2FE6C231B227400ABF7AC /* Base */ = {isa = PBXFileReference; lastKnownFileType = file.storyboard; name = Base; path = Base.lproj/Main.storyboard; sourceTree = "<group>"; };
		F9B2FE6E231B227700ABF7AC /* Assets.xcassets */ = {isa = PBXFileReference; lastKnownFileType = folder.assetcatalog; path = Assets.xcassets; sourceTree = "<group>"; };
		F9B2FE71231B227700ABF7AC /* Base */ = {isa = PBXFileReference; lastKnownFileType = file.storyboard; name = Base; path = Base.lproj/LaunchScreen.storyboard; sourceTree = "<group>"; };
		F9B2FE73231B227700ABF7AC /* Info.plist */ = {isa = PBXFileReference; lastKnownFileType = text.plist.xml; path = Info.plist; sourceTree = "<group>"; };
		F9C3D78E23269D1700C99482 /* OperationsHeaderTableViewCell.swift */ = {isa = PBXFileReference; fileEncoding = 4; lastKnownFileType = sourcecode.swift; path = OperationsHeaderTableViewCell.swift; sourceTree = "<group>"; };
		F9C3D79023269E4E00C99482 /* RoundedSoaringView.swift */ = {isa = PBXFileReference; lastKnownFileType = sourcecode.swift; path = RoundedSoaringView.swift; sourceTree = "<group>"; };
		F9C608A3232BF3B900654DD9 /* TestViewController.swift */ = {isa = PBXFileReference; lastKnownFileType = sourcecode.swift; name = TestViewController.swift; path = "../Graph Chart/TestViewController.swift"; sourceTree = "<group>"; };
		F9C608A5232C04C800654DD9 /* ChartView.swift */ = {isa = PBXFileReference; lastKnownFileType = sourcecode.swift; path = ChartView.swift; sourceTree = "<group>"; };
		F9C608A7232C08B400654DD9 /* ChartColumnCollectionViewCell.swift */ = {isa = PBXFileReference; lastKnownFileType = sourcecode.swift; path = ChartColumnCollectionViewCell.swift; sourceTree = "<group>"; };
		F9D08D8923252B240008109E /* DefaultSettingsDataSource.swift */ = {isa = PBXFileReference; lastKnownFileType = sourcecode.swift; path = DefaultSettingsDataSource.swift; sourceTree = "<group>"; };
		F9D08D8B23253EA90008109E /* SettingsPresenter.swift */ = {isa = PBXFileReference; lastKnownFileType = sourcecode.swift; name = SettingsPresenter.swift; path = "Operations Screen/SettingsPresenter.swift"; sourceTree = "<group>"; };
		F9D3A9F5232163AA00895A80 /* FilterCollectionViewCell.swift */ = {isa = PBXFileReference; lastKnownFileType = sourcecode.swift; path = FilterCollectionViewCell.swift; sourceTree = "<group>"; };
		F9D3A9F72321651700895A80 /* ManagingOperationsTableViewExtension.swift */ = {isa = PBXFileReference; lastKnownFileType = sourcecode.swift; name = ManagingOperationsTableViewExtension.swift; path = ../ManagingOperationsTableViewExtension.swift; sourceTree = "<group>"; };
		F9D40878232E212E0034B913 /* SummaryViewController.swift */ = {isa = PBXFileReference; lastKnownFileType = sourcecode.swift; name = SummaryViewController.swift; path = ../SummaryViewController.swift; sourceTree = "<group>"; };
/* End PBXFileReference section */

/* Begin PBXFrameworksBuildPhase section */
		F9B2FE61231B227400ABF7AC /* Frameworks */ = {
			isa = PBXFrameworksBuildPhase;
			buildActionMask = 2147483647;
			files = (
				5E391DB1DFA59A703FB7B7DD /* Pods_MoneyFlow.framework in Frameworks */,
			);
			runOnlyForDeploymentPostprocessing = 0;
		};
/* End PBXFrameworksBuildPhase section */

/* Begin PBXGroup section */
		107D7269287655BB907C9335 /* Frameworks */ = {
			isa = PBXGroup;
			children = (
				12E97FCC93F117093A133CD2 /* Pods_MoneyFlow.framework */,
			);
			name = Frameworks;
			sourceTree = "<group>";
		};
		E96B8F45CD80A3B67FBB017F /* Pods */ = {
			isa = PBXGroup;
			children = (
				30B9068C0FBCDFEB5D5EB980 /* Pods-MoneyFlow.debug.xcconfig */,
				DF7AF6C5C22ED47D906392DA /* Pods-MoneyFlow.release.xcconfig */,
			);
			path = Pods;
			sourceTree = "<group>";
		};
		F9063DD5232139FE00F08E84 /* Operation Models */ = {
			isa = PBXGroup;
			children = (
				F9063DD6232139FE00F08E84 /* DebtOperation.swift */,
				F9063DD7232139FE00F08E84 /* FlowOperation.swift */,
				F9063DD8232139FE00F08E84 /* Operation.swift */,
			);
			path = "Operation Models";
			sourceTree = "<group>";
		};
		F9063DD9232139FE00F08E84 /* ID Generators */ = {
			isa = PBXGroup;
			children = (
				F9063DDA232139FE00F08E84 /* IDGenerator.swift */,
				F9063DDB232139FE00F08E84 /* DefaultIDGenerator.swift */,
				F96EFFC0233F83D000A51C54 /* FirebaseIDGenerator.swift */,
			);
			path = "ID Generators";
			sourceTree = "<group>";
		};
		F9063DDC232139FE00F08E84 /* Date Sources */ = {
			isa = PBXGroup;
			children = (
				F9063DDE232139FE00F08E84 /* DataSource.swift */,
				F9063DDD232139FE00F08E84 /* DefaultDataSource.swift */,
				F9D08D8923252B240008109E /* DefaultSettingsDataSource.swift */,
				F995B0C3232A555F008DF78D /* FirebaseDataSource.swift */,
				F94FEDAD232ACEF700713AE7 /* FirebaseSettingsDataSource.swift */,
				F9172DD02343E8810067B9AE /* CombinedDataSource.swift */,
				F9172DD2234505890067B9AE /* CombinedSettingsDataSource.swift */,
			);
			path = "Date Sources";
			sourceTree = "<group>";
		};
		F907D3D0232BE6BE00E9E3C2 /* Graph Chart */ = {
			isa = PBXGroup;
			children = (
				F96C4090233BFE5F008670B2 /* ManagingSummaryChartViewExtension.swift */,
				F9C608A5232C04C800654DD9 /* ChartView.swift */,
				F9C608A7232C08B400654DD9 /* ChartColumnCollectionViewCell.swift */,
				F907D3D3232BE87200E9E3C2 /* ChartColumnView.swift */,
			);
			name = "Graph Chart";
			path = "../../Graph Chart";
			sourceTree = "<group>";
		};
		F91871EE23268F0400F0F9A6 /* AddOperation Screen */ = {
			isa = PBXGroup;
			children = (
				F99B4AA92325720200DAAD7E /* AddOperationViewController.swift */,
				F9833B842326CDFB0036B5EE /* AddOperationPresenter.swift */,
				F91871EC23268E2C00F0F9A6 /* ManagingPickerView Extension.swift */,
				F91871EA23268DE800F0F9A6 /* InputAccessoryForTextFieldsVC Extension.swift */,
				F9C3D79023269E4E00C99482 /* RoundedSoaringView.swift */,
			);
			path = "AddOperation Screen";
			sourceTree = "<group>";
		};
		F91871EF23268F1F00F0F9A6 /* Screens */ = {
			isa = PBXGroup;
			children = (
				F995B0C5232A95EA008DF78D /* LoadingViewController.swift */,
				F9D08D8B23253EA90008109E /* SettingsPresenter.swift */,
				F9C608A3232BF3B900654DD9 /* TestViewController.swift */,
				F94BDFA22340BF8B00CE87F8 /* OperationVisionRecognizer.swift */,
				F9B2D6822341223900711F59 /* ImagePicker Screen */,
				F9D4087A232E214B0034B913 /* Summary Screen */,
				F91871EE23268F0400F0F9A6 /* AddOperation Screen */,
				F95B2E6E232142C500808558 /* Operations Screen */,
			);
			path = Screens;
			sourceTree = "<group>";
		};
		F942E640233DFFB10031ADDF /* Fonts */ = {
			isa = PBXGroup;
			children = (
				F942E641233E01F00031ADDF /* CenturyGothic */,
			);
			path = Fonts;
			sourceTree = "<group>";
		};
		F942E641233E01F00031ADDF /* CenturyGothic */ = {
			isa = PBXGroup;
			children = (
				F942E642233E01F00031ADDF /* CenturyGothic.ttf */,
				F942E643233E01F00031ADDF /* CenturyGothic-BoldItalic.ttf */,
				F942E649233E01F00031ADDF /* CenturyGothic-Italic.ttf */,
				F942E65E233E02B00031ADDF /* CenturyGothic-HeavyBold.ttf */,
				F942E64B233E01F00031ADDF /* CenturyGothic-Bold.ttf */,
				F942E64A233E01F00031ADDF /* stylesheet.css */,
			);
			path = CenturyGothic;
			sourceTree = "<group>";
		};
		F95B2E6E232142C500808558 /* Operations Screen */ = {
			isa = PBXGroup;
			children = (
				F9A980FB2321409600F630F9 /* OperationsViewController.swift */,
				F9A981052321416000F630F9 /* Presenter.swift */,
				F9A981032321410900F630F9 /* OperationPresenter.swift */,
				F9D3A9F9232165BB00895A80 /* TableView */,
				F9D3A9FA232165D400895A80 /* CollectionView */,
			);
			path = "Operations Screen";
			sourceTree = "<group>";
		};
		F9A4F8972333D426008D606A /* TableView */ = {
			isa = PBXGroup;
			children = (
				F96C408E233BFCEC008670B2 /* ManagingSummaryTableViewExtension.swift */,
				F9868479233257B400FAD863 /* SummaryTableViewCell.swift */,
				F986847B23326BE500FAD863 /* SummaryGraphTableViewCell.swift */,
				F986847F2332B48E00FAD863 /* SummaryHeaderTableViewCell.swift */,
				F986847D233270FB00FAD863 /* CircleGraphView.swift */,
			);
			path = TableView;
			sourceTree = "<group>";
		};
		F9B2D6822341223900711F59 /* ImagePicker Screen */ = {
			isa = PBXGroup;
			children = (
				F94BDFA42340CAFD00CE87F8 /* ImagePickerCollectionViewController.swift */,
				F94BDFA62340CBFA00CE87F8 /* PhotoCollectionViewCell.swift */,
			);
			path = "ImagePicker Screen";
			sourceTree = "<group>";
		};
		F9B2FE5B231B227400ABF7AC = {
			isa = PBXGroup;
			children = (
				F9B2FE66231B227400ABF7AC /* MoneyFlow */,
				F9B2FE65231B227400ABF7AC /* Products */,
				E96B8F45CD80A3B67FBB017F /* Pods */,
				107D7269287655BB907C9335 /* Frameworks */,
			);
			sourceTree = "<group>";
		};
		F9B2FE65231B227400ABF7AC /* Products */ = {
			isa = PBXGroup;
			children = (
				F9B2FE64231B227400ABF7AC /* MoneyFlow.app */,
			);
			name = Products;
			sourceTree = "<group>";
		};
		F9B2FE66231B227400ABF7AC /* MoneyFlow */ = {
			isa = PBXGroup;
			children = (
				F91871EF23268F1F00F0F9A6 /* Screens */,
				F9063DD5232139FE00F08E84 /* Operation Models */,
				F9063DDC232139FE00F08E84 /* Date Sources */,
				F9063DD9232139FE00F08E84 /* ID Generators */,
				F9B2FE79231B228C00ABF7AC /* Supporting files */,
				F9B2FE6B231B227400ABF7AC /* Main.storyboard */,
				F9063DEC23213A0F00F08E84 /* Constants.swift */,
				F9B2FE73231B227700ABF7AC /* Info.plist */,
				F995B0C1232A4F2E008DF78D /* GoogleService-Info.plist */,
			);
			path = MoneyFlow;
			sourceTree = "<group>";
		};
		F9B2FE79231B228C00ABF7AC /* Supporting files */ = {
			isa = PBXGroup;
			children = (
				F942E640233DFFB10031ADDF /* Fonts */,
				F9B2FE67231B227400ABF7AC /* AppDelegate.swift */,
				F9B2FE6E231B227700ABF7AC /* Assets.xcassets */,
				F9B2FE70231B227700ABF7AC /* LaunchScreen.storyboard */,
			);
			path = "Supporting files";
			sourceTree = "<group>";
		};
		F9D3A9F9232165BB00895A80 /* TableView */ = {
			isa = PBXGroup;
			children = (
				F9D3A9F72321651700895A80 /* ManagingOperationsTableViewExtension.swift */,
				F9C3D78E23269D1700C99482 /* OperationsHeaderTableViewCell.swift */,
				F9A980FE2321409600F630F9 /* OperationTableViewCell.swift */,
				F942E65F233E0C9C0031ADDF /* OperationsDesignedTableViewCell.swift */,
			);
			path = TableView;
			sourceTree = "<group>";
		};
		F9D3A9FA232165D400895A80 /* CollectionView */ = {
			isa = PBXGroup;
			children = (
				F9D3A9F5232163AA00895A80 /* FilterCollectionViewCell.swift */,
				F90F2886232166E600B1F3D5 /* ManagingCollectionViewExtension.swift */,
			);
			path = CollectionView;
			sourceTree = "<group>";
		};
		F9D4087A232E214B0034B913 /* Summary Screen */ = {
			isa = PBXGroup;
			children = (
				F9A4F8952333D402008D606A /* SummaryPresenter.swift */,
				F9D40878232E212E0034B913 /* SummaryViewController.swift */,
				F96C4092233CCB41008670B2 /* SummaryMonthData.swift */,
				F9A4F8972333D426008D606A /* TableView */,
				F907D3D0232BE6BE00E9E3C2 /* Graph Chart */,
			);
			path = "Summary Screen";
			sourceTree = "<group>";
		};
/* End PBXGroup section */

/* Begin PBXNativeTarget section */
		F9B2FE63231B227400ABF7AC /* MoneyFlow */ = {
			isa = PBXNativeTarget;
			buildConfigurationList = F9B2FE76231B227700ABF7AC /* Build configuration list for PBXNativeTarget "MoneyFlow" */;
			buildPhases = (
				9BD83173F2A8DA2F18AFD6A6 /* [CP] Check Pods Manifest.lock */,
				F9B2FE60231B227400ABF7AC /* Sources */,
				F9B2FE61231B227400ABF7AC /* Frameworks */,
				F9B2FE62231B227400ABF7AC /* Resources */,
				761D430C99419FE38412A3EB /* [CP] Embed Pods Frameworks */,
				821C6C9B0EFE99A31F6742C5 /* [CP] Copy Pods Resources */,
			);
			buildRules = (
			);
			dependencies = (
			);
			name = MoneyFlow;
			productName = MoneyFlow;
			productReference = F9B2FE64231B227400ABF7AC /* MoneyFlow.app */;
			productType = "com.apple.product-type.application";
		};
/* End PBXNativeTarget section */

/* Begin PBXProject section */
		F9B2FE5C231B227400ABF7AC /* Project object */ = {
			isa = PBXProject;
			attributes = {
				LastSwiftUpdateCheck = 1030;
				LastUpgradeCheck = 1030;
				ORGANIZATIONNAME = "Никита Гончаров";
				TargetAttributes = {
					F9B2FE63231B227400ABF7AC = {
						CreatedOnToolsVersion = 10.3;
					};
				};
			};
			buildConfigurationList = F9B2FE5F231B227400ABF7AC /* Build configuration list for PBXProject "MoneyFlow" */;
			compatibilityVersion = "Xcode 9.3";
			developmentRegion = en;
			hasScannedForEncodings = 0;
			knownRegions = (
				en,
				Base,
			);
			mainGroup = F9B2FE5B231B227400ABF7AC;
			productRefGroup = F9B2FE65231B227400ABF7AC /* Products */;
			projectDirPath = "";
			projectRoot = "";
			targets = (
				F9B2FE63231B227400ABF7AC /* MoneyFlow */,
			);
		};
/* End PBXProject section */

/* Begin PBXResourcesBuildPhase section */
		F9B2FE62231B227400ABF7AC /* Resources */ = {
			isa = PBXResourcesBuildPhase;
			buildActionMask = 2147483647;
			files = (
				F9B2FE72231B227700ABF7AC /* LaunchScreen.storyboard in Resources */,
				F995B0C2232A4F2E008DF78D /* GoogleService-Info.plist in Resources */,
				F942E650233E01F00031ADDF /* CenturyGothic.ttf in Resources */,
				F942E659233E01F00031ADDF /* CenturyGothic-Bold.ttf in Resources */,
				F9B2FE6F231B227700ABF7AC /* Assets.xcassets in Resources */,
				F942E657233E01F00031ADDF /* CenturyGothic-Italic.ttf in Resources */,
				F942E651233E01F00031ADDF /* CenturyGothic-BoldItalic.ttf in Resources */,
				F942E658233E01F00031ADDF /* stylesheet.css in Resources */,
				F9B2FE6D231B227400ABF7AC /* Main.storyboard in Resources */,
			);
			runOnlyForDeploymentPostprocessing = 0;
		};
/* End PBXResourcesBuildPhase section */

/* Begin PBXShellScriptBuildPhase section */
		761D430C99419FE38412A3EB /* [CP] Embed Pods Frameworks */ = {
			isa = PBXShellScriptBuildPhase;
			buildActionMask = 2147483647;
			files = (
			);
			inputFileListPaths = (
				"${PODS_ROOT}/Target Support Files/Pods-MoneyFlow/Pods-MoneyFlow-frameworks-${CONFIGURATION}-input-files.xcfilelist",
			);
			name = "[CP] Embed Pods Frameworks";
			outputFileListPaths = (
				"${PODS_ROOT}/Target Support Files/Pods-MoneyFlow/Pods-MoneyFlow-frameworks-${CONFIGURATION}-output-files.xcfilelist",
			);
			runOnlyForDeploymentPostprocessing = 0;
			shellPath = /bin/sh;
			shellScript = "\"${PODS_ROOT}/Target Support Files/Pods-MoneyFlow/Pods-MoneyFlow-frameworks.sh\"\n";
			showEnvVarsInLog = 0;
		};
		821C6C9B0EFE99A31F6742C5 /* [CP] Copy Pods Resources */ = {
			isa = PBXShellScriptBuildPhase;
			buildActionMask = 2147483647;
			files = (
			);
			inputFileListPaths = (
				"${PODS_ROOT}/Target Support Files/Pods-MoneyFlow/Pods-MoneyFlow-resources-${CONFIGURATION}-input-files.xcfilelist",
			);
			name = "[CP] Copy Pods Resources";
			outputFileListPaths = (
				"${PODS_ROOT}/Target Support Files/Pods-MoneyFlow/Pods-MoneyFlow-resources-${CONFIGURATION}-output-files.xcfilelist",
			);
			runOnlyForDeploymentPostprocessing = 0;
			shellPath = /bin/sh;
			shellScript = "\"${PODS_ROOT}/Target Support Files/Pods-MoneyFlow/Pods-MoneyFlow-resources.sh\"\n";
			showEnvVarsInLog = 0;
		};
		9BD83173F2A8DA2F18AFD6A6 /* [CP] Check Pods Manifest.lock */ = {
			isa = PBXShellScriptBuildPhase;
			buildActionMask = 2147483647;
			files = (
			);
			inputFileListPaths = (
			);
			inputPaths = (
				"${PODS_PODFILE_DIR_PATH}/Podfile.lock",
				"${PODS_ROOT}/Manifest.lock",
			);
			name = "[CP] Check Pods Manifest.lock";
			outputFileListPaths = (
			);
			outputPaths = (
				"$(DERIVED_FILE_DIR)/Pods-MoneyFlow-checkManifestLockResult.txt",
			);
			runOnlyForDeploymentPostprocessing = 0;
			shellPath = /bin/sh;
			shellScript = "diff \"${PODS_PODFILE_DIR_PATH}/Podfile.lock\" \"${PODS_ROOT}/Manifest.lock\" > /dev/null\nif [ $? != 0 ] ; then\n    # print error to STDERR\n    echo \"error: The sandbox is not in sync with the Podfile.lock. Run 'pod install' or update your CocoaPods installation.\" >&2\n    exit 1\nfi\n# This output is used by Xcode 'outputs' to avoid re-running this script phase.\necho \"SUCCESS\" > \"${SCRIPT_OUTPUT_FILE_0}\"\n";
			showEnvVarsInLog = 0;
		};
/* End PBXShellScriptBuildPhase section */

/* Begin PBXSourcesBuildPhase section */
		F9B2FE60231B227400ABF7AC /* Sources */ = {
			isa = PBXSourcesBuildPhase;
			buildActionMask = 2147483647;
			files = (
				F96C408F233BFCEC008670B2 /* ManagingSummaryTableViewExtension.swift in Sources */,
				F9C608A8232C08B400654DD9 /* ChartColumnCollectionViewCell.swift in Sources */,
				F942E660233E0C9C0031ADDF /* OperationsDesignedTableViewCell.swift in Sources */,
				F91871EB23268DE800F0F9A6 /* InputAccessoryForTextFieldsVC Extension.swift in Sources */,
				F94BDFA52340CAFD00CE87F8 /* ImagePickerCollectionViewController.swift in Sources */,
				F9A981042321410900F630F9 /* OperationPresenter.swift in Sources */,
				F9D40879232E212E0034B913 /* SummaryViewController.swift in Sources */,
				F9172DD12343E8810067B9AE /* CombinedDataSource.swift in Sources */,
				F986847E233270FC00FAD863 /* CircleGraphView.swift in Sources */,
				F9B2FE68231B227400ABF7AC /* AppDelegate.swift in Sources */,
				F96C4093233CCB41008670B2 /* SummaryMonthData.swift in Sources */,
				F907D3D4232BE87200E9E3C2 /* ChartColumnView.swift in Sources */,
				F9063DE6232139FE00F08E84 /* Operation.swift in Sources */,
				F90F2887232166E600B1F3D5 /* ManagingCollectionViewExtension.swift in Sources */,
				F99B4AAA2325720200DAAD7E /* AddOperationViewController.swift in Sources */,
				F9063DE5232139FE00F08E84 /* FlowOperation.swift in Sources */,
				F91871ED23268E2C00F0F9A6 /* ManagingPickerView Extension.swift in Sources */,
				F9172DD32345058A0067B9AE /* CombinedSettingsDataSource.swift in Sources */,
				F9833B852326CDFB0036B5EE /* AddOperationPresenter.swift in Sources */,
				F9063DEA232139FE00F08E84 /* DataSource.swift in Sources */,
				F9D08D8A23252B240008109E /* DefaultSettingsDataSource.swift in Sources */,
				F94BDFA32340BF8B00CE87F8 /* OperationVisionRecognizer.swift in Sources */,
				F995B0C6232A95EA008DF78D /* LoadingViewController.swift in Sources */,
				F9C3D78F23269D1700C99482 /* OperationsHeaderTableViewCell.swift in Sources */,
				F9D08D8C23253EA90008109E /* SettingsPresenter.swift in Sources */,
				F9063DE8232139FE00F08E84 /* DefaultIDGenerator.swift in Sources */,
				F9063DE7232139FE00F08E84 /* IDGenerator.swift in Sources */,
				F9C3D79123269E4E00C99482 /* RoundedSoaringView.swift in Sources */,
				F9A981022321409700F630F9 /* OperationTableViewCell.swift in Sources */,
				F9063DE4232139FE00F08E84 /* DebtOperation.swift in Sources */,
				F995B0C4232A555F008DF78D /* FirebaseDataSource.swift in Sources */,
				F9A4F8962333D402008D606A /* SummaryPresenter.swift in Sources */,
				F9D3A9F82321651700895A80 /* ManagingOperationsTableViewExtension.swift in Sources */,
				F9D3A9F6232163AA00895A80 /* FilterCollectionViewCell.swift in Sources */,
				F96C4091233BFE5F008670B2 /* ManagingSummaryChartViewExtension.swift in Sources */,
				F96EFFC1233F83D000A51C54 /* FirebaseIDGenerator.swift in Sources */,
				F9C608A6232C04C800654DD9 /* ChartView.swift in Sources */,
				F9063DED23213A1000F08E84 /* Constants.swift in Sources */,
				F9A981062321416000F630F9 /* Presenter.swift in Sources */,
				F986847A233257B400FAD863 /* SummaryTableViewCell.swift in Sources */,
				F98684802332B48E00FAD863 /* SummaryHeaderTableViewCell.swift in Sources */,
				F9C608A4232BF3B900654DD9 /* TestViewController.swift in Sources */,
				F94FEDAE232ACEF700713AE7 /* FirebaseSettingsDataSource.swift in Sources */,
				F94BDFA72340CBFA00CE87F8 /* PhotoCollectionViewCell.swift in Sources */,
				F986847C23326BE500FAD863 /* SummaryGraphTableViewCell.swift in Sources */,
				F9063DE9232139FE00F08E84 /* DefaultDataSource.swift in Sources */,
				F9A980FF2321409700F630F9 /* OperationsViewController.swift in Sources */,
			);
			runOnlyForDeploymentPostprocessing = 0;
		};
/* End PBXSourcesBuildPhase section */

/* Begin PBXVariantGroup section */
		F9B2FE6B231B227400ABF7AC /* Main.storyboard */ = {
			isa = PBXVariantGroup;
			children = (
				F9B2FE6C231B227400ABF7AC /* Base */,
			);
			name = Main.storyboard;
			sourceTree = "<group>";
		};
		F9B2FE70231B227700ABF7AC /* LaunchScreen.storyboard */ = {
			isa = PBXVariantGroup;
			children = (
				F9B2FE71231B227700ABF7AC /* Base */,
			);
			name = LaunchScreen.storyboard;
			sourceTree = "<group>";
		};
/* End PBXVariantGroup section */

/* Begin XCBuildConfiguration section */
		F9B2FE74231B227700ABF7AC /* Debug */ = {
			isa = XCBuildConfiguration;
			buildSettings = {
				ALWAYS_SEARCH_USER_PATHS = NO;
				CLANG_ANALYZER_NONNULL = YES;
				CLANG_ANALYZER_NUMBER_OBJECT_CONVERSION = YES_AGGRESSIVE;
				CLANG_CXX_LANGUAGE_STANDARD = "gnu++14";
				CLANG_CXX_LIBRARY = "libc++";
				CLANG_ENABLE_MODULES = YES;
				CLANG_ENABLE_OBJC_ARC = YES;
				CLANG_ENABLE_OBJC_WEAK = YES;
				CLANG_WARN_BLOCK_CAPTURE_AUTORELEASING = YES;
				CLANG_WARN_BOOL_CONVERSION = YES;
				CLANG_WARN_COMMA = YES;
				CLANG_WARN_CONSTANT_CONVERSION = YES;
				CLANG_WARN_DEPRECATED_OBJC_IMPLEMENTATIONS = YES;
				CLANG_WARN_DIRECT_OBJC_ISA_USAGE = YES_ERROR;
				CLANG_WARN_DOCUMENTATION_COMMENTS = YES;
				CLANG_WARN_EMPTY_BODY = YES;
				CLANG_WARN_ENUM_CONVERSION = YES;
				CLANG_WARN_INFINITE_RECURSION = YES;
				CLANG_WARN_INT_CONVERSION = YES;
				CLANG_WARN_NON_LITERAL_NULL_CONVERSION = YES;
				CLANG_WARN_OBJC_IMPLICIT_RETAIN_SELF = YES;
				CLANG_WARN_OBJC_LITERAL_CONVERSION = YES;
				CLANG_WARN_OBJC_ROOT_CLASS = YES_ERROR;
				CLANG_WARN_RANGE_LOOP_ANALYSIS = YES;
				CLANG_WARN_STRICT_PROTOTYPES = YES;
				CLANG_WARN_SUSPICIOUS_MOVE = YES;
				CLANG_WARN_UNGUARDED_AVAILABILITY = YES_AGGRESSIVE;
				CLANG_WARN_UNREACHABLE_CODE = YES;
				CLANG_WARN__DUPLICATE_METHOD_MATCH = YES;
				CODE_SIGN_IDENTITY = "iPhone Developer";
				COPY_PHASE_STRIP = NO;
				DEBUG_INFORMATION_FORMAT = dwarf;
				ENABLE_STRICT_OBJC_MSGSEND = YES;
				ENABLE_TESTABILITY = YES;
				GCC_C_LANGUAGE_STANDARD = gnu11;
				GCC_DYNAMIC_NO_PIC = NO;
				GCC_NO_COMMON_BLOCKS = YES;
				GCC_OPTIMIZATION_LEVEL = 0;
				GCC_PREPROCESSOR_DEFINITIONS = (
					"DEBUG=1",
					"$(inherited)",
				);
				GCC_WARN_64_TO_32_BIT_CONVERSION = YES;
				GCC_WARN_ABOUT_RETURN_TYPE = YES_ERROR;
				GCC_WARN_UNDECLARED_SELECTOR = YES;
				GCC_WARN_UNINITIALIZED_AUTOS = YES_AGGRESSIVE;
				GCC_WARN_UNUSED_FUNCTION = YES;
				GCC_WARN_UNUSED_VARIABLE = YES;
				IPHONEOS_DEPLOYMENT_TARGET = 12.4;
				MTL_ENABLE_DEBUG_INFO = INCLUDE_SOURCE;
				MTL_FAST_MATH = YES;
				ONLY_ACTIVE_ARCH = YES;
				SDKROOT = iphoneos;
				SWIFT_ACTIVE_COMPILATION_CONDITIONS = DEBUG;
				SWIFT_OPTIMIZATION_LEVEL = "-Onone";
			};
			name = Debug;
		};
		F9B2FE75231B227700ABF7AC /* Release */ = {
			isa = XCBuildConfiguration;
			buildSettings = {
				ALWAYS_SEARCH_USER_PATHS = NO;
				CLANG_ANALYZER_NONNULL = YES;
				CLANG_ANALYZER_NUMBER_OBJECT_CONVERSION = YES_AGGRESSIVE;
				CLANG_CXX_LANGUAGE_STANDARD = "gnu++14";
				CLANG_CXX_LIBRARY = "libc++";
				CLANG_ENABLE_MODULES = YES;
				CLANG_ENABLE_OBJC_ARC = YES;
				CLANG_ENABLE_OBJC_WEAK = YES;
				CLANG_WARN_BLOCK_CAPTURE_AUTORELEASING = YES;
				CLANG_WARN_BOOL_CONVERSION = YES;
				CLANG_WARN_COMMA = YES;
				CLANG_WARN_CONSTANT_CONVERSION = YES;
				CLANG_WARN_DEPRECATED_OBJC_IMPLEMENTATIONS = YES;
				CLANG_WARN_DIRECT_OBJC_ISA_USAGE = YES_ERROR;
				CLANG_WARN_DOCUMENTATION_COMMENTS = YES;
				CLANG_WARN_EMPTY_BODY = YES;
				CLANG_WARN_ENUM_CONVERSION = YES;
				CLANG_WARN_INFINITE_RECURSION = YES;
				CLANG_WARN_INT_CONVERSION = YES;
				CLANG_WARN_NON_LITERAL_NULL_CONVERSION = YES;
				CLANG_WARN_OBJC_IMPLICIT_RETAIN_SELF = YES;
				CLANG_WARN_OBJC_LITERAL_CONVERSION = YES;
				CLANG_WARN_OBJC_ROOT_CLASS = YES_ERROR;
				CLANG_WARN_RANGE_LOOP_ANALYSIS = YES;
				CLANG_WARN_STRICT_PROTOTYPES = YES;
				CLANG_WARN_SUSPICIOUS_MOVE = YES;
				CLANG_WARN_UNGUARDED_AVAILABILITY = YES_AGGRESSIVE;
				CLANG_WARN_UNREACHABLE_CODE = YES;
				CLANG_WARN__DUPLICATE_METHOD_MATCH = YES;
				CODE_SIGN_IDENTITY = "iPhone Developer";
				COPY_PHASE_STRIP = NO;
				DEBUG_INFORMATION_FORMAT = "dwarf-with-dsym";
				ENABLE_NS_ASSERTIONS = NO;
				ENABLE_STRICT_OBJC_MSGSEND = YES;
				GCC_C_LANGUAGE_STANDARD = gnu11;
				GCC_NO_COMMON_BLOCKS = YES;
				GCC_WARN_64_TO_32_BIT_CONVERSION = YES;
				GCC_WARN_ABOUT_RETURN_TYPE = YES_ERROR;
				GCC_WARN_UNDECLARED_SELECTOR = YES;
				GCC_WARN_UNINITIALIZED_AUTOS = YES_AGGRESSIVE;
				GCC_WARN_UNUSED_FUNCTION = YES;
				GCC_WARN_UNUSED_VARIABLE = YES;
				IPHONEOS_DEPLOYMENT_TARGET = 12.4;
				MTL_ENABLE_DEBUG_INFO = NO;
				MTL_FAST_MATH = YES;
				SDKROOT = iphoneos;
				SWIFT_COMPILATION_MODE = wholemodule;
				SWIFT_OPTIMIZATION_LEVEL = "-O";
				VALIDATE_PRODUCT = YES;
			};
			name = Release;
		};
		F9B2FE77231B227700ABF7AC /* Debug */ = {
			isa = XCBuildConfiguration;
			baseConfigurationReference = 30B9068C0FBCDFEB5D5EB980 /* Pods-MoneyFlow.debug.xcconfig */;
			buildSettings = {
				ASSETCATALOG_COMPILER_APPICON_NAME = AppIcon;
				CODE_SIGN_STYLE = Automatic;
				DEVELOPMENT_TEAM = E6RVJPA5JE;
				INFOPLIST_FILE = MoneyFlow/Info.plist;
				LD_RUNPATH_SEARCH_PATHS = (
					"$(inherited)",
					"@executable_path/Frameworks",
				);
				PRODUCT_BUNDLE_IDENTIFIER = nikita.MoneyFlow;
				PRODUCT_NAME = "$(TARGET_NAME)";
				SWIFT_VERSION = 5.0;
				TARGETED_DEVICE_FAMILY = "1,2";
			};
			name = Debug;
		};
		F9B2FE78231B227700ABF7AC /* Release */ = {
			isa = XCBuildConfiguration;
			baseConfigurationReference = DF7AF6C5C22ED47D906392DA /* Pods-MoneyFlow.release.xcconfig */;
			buildSettings = {
				ASSETCATALOG_COMPILER_APPICON_NAME = AppIcon;
				CODE_SIGN_STYLE = Automatic;
				DEVELOPMENT_TEAM = E6RVJPA5JE;
				INFOPLIST_FILE = MoneyFlow/Info.plist;
				LD_RUNPATH_SEARCH_PATHS = (
					"$(inherited)",
					"@executable_path/Frameworks",
				);
				PRODUCT_BUNDLE_IDENTIFIER = nikita.MoneyFlow;
				PRODUCT_NAME = "$(TARGET_NAME)";
				SWIFT_VERSION = 5.0;
				TARGETED_DEVICE_FAMILY = "1,2";
			};
			name = Release;
		};
/* End XCBuildConfiguration section */

/* Begin XCConfigurationList section */
		F9B2FE5F231B227400ABF7AC /* Build configuration list for PBXProject "MoneyFlow" */ = {
			isa = XCConfigurationList;
			buildConfigurations = (
				F9B2FE74231B227700ABF7AC /* Debug */,
				F9B2FE75231B227700ABF7AC /* Release */,
			);
			defaultConfigurationIsVisible = 0;
			defaultConfigurationName = Release;
		};
		F9B2FE76231B227700ABF7AC /* Build configuration list for PBXNativeTarget "MoneyFlow" */ = {
			isa = XCConfigurationList;
			buildConfigurations = (
				F9B2FE77231B227700ABF7AC /* Debug */,
				F9B2FE78231B227700ABF7AC /* Release */,
			);
			defaultConfigurationIsVisible = 0;
			defaultConfigurationName = Release;
		};
/* End XCConfigurationList section */
	};
	rootObject = F9B2FE5C231B227400ABF7AC /* Project object */;
}
